
Microsoft Visual Studio Solution File, Format Version 12.00
# Visual Studio Version 17
VisualStudioVersion = 17.6.33723.286
MinimumVisualStudioVersion = 10.0.40219.1
Project("{9A19103F-16F7-4668-BE54-9A1E7A4F7556}") = "MaximaTech.Clients.API", "MaximaTech.Clients.API.csproj", "{A00928E9-C177-4B1B-990F-700E3D1779F0}"
EndProject
Project("{2150E333-8FDC-42A3-9474-1A3956D46DE8}") = "Clients", "Clients", "{E7F9281F-4D8B-4748-A9CB-CEB284512E54}"
EndProject
Project("{2150E333-8FDC-42A3-9474-1A3956D46DE8}") = "Core", "Core", "{F1B999C9-8B10-45F4-BAF9-771CDAF88106}"
EndProject
Project("{2150E333-8FDC-42A3-9474-1A3956D46DE8}") = "Infra", "Infra", "{6BCFAD0D-9122-46B2-AF1F-572D521C2DE6}"
EndProject
Project("{2150E333-8FDC-42A3-9474-1A3956D46DE8}") = "Tests", "Tests", "{A5D4B93C-205F-4B3A-B477-B3A7B75040A7}"
EndProject
Project("{9A19103F-16F7-4668-BE54-9A1E7A4F7556}") = "MaximaTech.Clients.Common", "..\MaximaTech.Clients.Common\MaximaTech.Clients.Common.csproj", "{9F9D1B4A-0682-4FB8-8033-6F0EDBA49E11}"
EndProject
Project("{FAE04EC0-301F-11D3-BF4B-00C04F79EFBC}") = "MaximaTech.Core.Business", "..\MaximaTech.Core.Business\MaximaTech.Core.Business.csproj", "{F5106D9C-3973-4BC2-9020-D0F510745D1D}"
EndProject
Project("{FAE04EC0-301F-11D3-BF4B-00C04F79EFBC}") = "MaximaTech.Infra.RelationalData", "..\MaximaTech.Infra.RelationalData\MaximaTech.Infra.RelationalData.csproj", "{45570D9A-674C-4ED5-91DB-F7CFF912B361}"
EndProject
Global
	GlobalSection(SolutionConfigurationPlatforms) = preSolution
		Debug|Any CPU = Debug|Any CPU
		Release|Any CPU = Release|Any CPU
	EndGlobalSection
	GlobalSection(ProjectConfigurationPlatforms) = postSolution
		{A00928E9-C177-4B1B-990F-700E3D1779F0}.Debug|Any CPU.ActiveCfg = Debug|Any CPU
		{A00928E9-C177-4B1B-990F-700E3D1779F0}.Debug|Any CPU.Build.0 = Debug|Any CPU
		{A00928E9-C177-4B1B-990F-700E3D1779F0}.Release|Any CPU.ActiveCfg = Release|Any CPU
		{A00928E9-C177-4B1B-990F-700E3D1779F0}.Release|Any CPU.Build.0 = Release|Any CPU
		{9F9D1B4A-0682-4FB8-8033-6F0EDBA49E11}.Debug|Any CPU.ActiveCfg = Debug|Any CPU
		{9F9D1B4A-0682-4FB8-8033-6F0EDBA49E11}.Debug|Any CPU.Build.0 = Debug|Any CPU
		{9F9D1B4A-0682-4FB8-8033-6F0EDBA49E11}.Release|Any CPU.ActiveCfg = Release|Any CPU
		{9F9D1B4A-0682-4FB8-8033-6F0EDBA49E11}.Release|Any CPU.Build.0 = Release|Any CPU
		{F5106D9C-3973-4BC2-9020-D0F510745D1D}.Debug|Any CPU.ActiveCfg = Debug|Any CPU
		{F5106D9C-3973-4BC2-9020-D0F510745D1D}.Debug|Any CPU.Build.0 = Debug|Any CPU
		{F5106D9C-3973-4BC2-9020-D0F510745D1D}.Release|Any CPU.ActiveCfg = Release|Any CPU
		{F5106D9C-3973-4BC2-9020-D0F510745D1D}.Release|Any CPU.Build.0 = Release|Any CPU
		{45570D9A-674C-4ED5-91DB-F7CFF912B361}.Debug|Any CPU.ActiveCfg = Debug|Any CPU
		{45570D9A-674C-4ED5-91DB-F7CFF912B361}.Debug|Any CPU.Build.0 = Debug|Any CPU
		{45570D9A-674C-4ED5-91DB-F7CFF912B361}.Release|Any CPU.ActiveCfg = Release|Any CPU
		{45570D9A-674C-4ED5-91DB-F7CFF912B361}.Release|Any CPU.Build.0 = Release|Any CPU
	EndGlobalSection
	GlobalSection(SolutionProperties) = preSolution
		HideSolutionNode = FALSE
	EndGlobalSection
	GlobalSection(NestedProjects) = preSolution
		{A00928E9-C177-4B1B-990F-700E3D1779F0} = {E7F9281F-4D8B-4748-A9CB-CEB284512E54}
		{9F9D1B4A-0682-4FB8-8033-6F0EDBA49E11} = {E7F9281F-4D8B-4748-A9CB-CEB284512E54}
		{F5106D9C-3973-4BC2-9020-D0F510745D1D} = {F1B999C9-8B10-45F4-BAF9-771CDAF88106}
		{45570D9A-674C-4ED5-91DB-F7CFF912B361} = {6BCFAD0D-9122-46B2-AF1F-572D521C2DE6}
	EndGlobalSection
	GlobalSection(ExtensibilityGlobals) = postSolution
		SolutionGuid = {6C863FDC-955B-414C-A243-5C2C1076050C}
	EndGlobalSection
EndGlobal
